// !$*UTF8*$!
{
	archiveVersion = 1;
	classes = {
	};
	objectVersion = 46;
	objects = {

/* Begin PBXBuildFile section */
		B55F1A7019F0E1B200AB15D6 /* AppDelegate.swift in Sources */ = {isa = PBXBuildFile; fileRef = B55F1A6F19F0E1B200AB15D6 /* AppDelegate.swift */; };
		B55F1A7219F0E1B200AB15D6 /* ViewController.swift in Sources */ = {isa = PBXBuildFile; fileRef = B55F1A7119F0E1B200AB15D6 /* ViewController.swift */; };
		B55F1A7519F0E1B200AB15D6 /* Main.storyboard in Resources */ = {isa = PBXBuildFile; fileRef = B55F1A7319F0E1B200AB15D6 /* Main.storyboard */; };
		B55F1A7719F0E1B200AB15D6 /* Images.xcassets in Resources */ = {isa = PBXBuildFile; fileRef = B55F1A7619F0E1B200AB15D6 /* Images.xcassets */; };
		B55F1A7A19F0E1B200AB15D6 /* LaunchScreen.xib in Resources */ = {isa = PBXBuildFile; fileRef = B55F1A7819F0E1B200AB15D6 /* LaunchScreen.xib */; };
		B55F1A8619F0E1B200AB15D6 /* APITestsTests.swift in Sources */ = {isa = PBXBuildFile; fileRef = B55F1A8519F0E1B200AB15D6 /* APITestsTests.swift */; };
		B55F1A9119F0E87D00AB15D6 /* Api.m in Sources */ = {isa = PBXBuildFile; fileRef = B55F1A9019F0E87D00AB15D6 /* Api.m */; };
/* End PBXBuildFile section */

/* Begin PBXContainerItemProxy section */
		B55F1A8019F0E1B200AB15D6 /* PBXContainerItemProxy */ = {
			isa = PBXContainerItemProxy;
			containerPortal = B55F1A6219F0E1B200AB15D6 /* Project object */;
			proxyType = 1;
			remoteGlobalIDString = B55F1A6919F0E1B200AB15D6;
			remoteInfo = APITests;
		};
/* End PBXContainerItemProxy section */

/* Begin PBXFileReference section */
		B55F1A6A19F0E1B200AB15D6 /* APITests.app */ = {isa = PBXFileReference; explicitFileType = wrapper.application; includeInIndex = 0; path = APITests.app; sourceTree = BUILT_PRODUCTS_DIR; };
		B55F1A6E19F0E1B200AB15D6 /* Info.plist */ = {isa = PBXFileReference; lastKnownFileType = text.plist.xml; path = Info.plist; sourceTree = "<group>"; };
		B55F1A6F19F0E1B200AB15D6 /* AppDelegate.swift */ = {isa = PBXFileReference; lastKnownFileType = sourcecode.swift; path = AppDelegate.swift; sourceTree = "<group>"; };
		B55F1A7119F0E1B200AB15D6 /* ViewController.swift */ = {isa = PBXFileReference; lastKnownFileType = sourcecode.swift; path = ViewController.swift; sourceTree = "<group>"; };
		B55F1A7419F0E1B200AB15D6 /* Base */ = {isa = PBXFileReference; lastKnownFileType = file.storyboard; name = Base; path = Base.lproj/Main.storyboard; sourceTree = "<group>"; };
		B55F1A7619F0E1B200AB15D6 /* Images.xcassets */ = {isa = PBXFileReference; lastKnownFileType = folder.assetcatalog; path = Images.xcassets; sourceTree = "<group>"; };
		B55F1A7919F0E1B200AB15D6 /* Base */ = {isa = PBXFileReference; lastKnownFileType = file.xib; name = Base; path = Base.lproj/LaunchScreen.xib; sourceTree = "<group>"; };
		B55F1A7F19F0E1B200AB15D6 /* APITestsTests.xctest */ = {isa = PBXFileReference; explicitFileType = wrapper.cfbundle; includeInIndex = 0; path = APITestsTests.xctest; sourceTree = BUILT_PRODUCTS_DIR; };
		B55F1A8419F0E1B200AB15D6 /* Info.plist */ = {isa = PBXFileReference; lastKnownFileType = text.plist.xml; path = Info.plist; sourceTree = "<group>"; };
		B55F1A8519F0E1B200AB15D6 /* APITestsTests.swift */ = {isa = PBXFileReference; lastKnownFileType = sourcecode.swift; path = APITestsTests.swift; sourceTree = "<group>"; };
		B55F1A8F19F0E87D00AB15D6 /* Api.h */ = {isa = PBXFileReference; fileEncoding = 4; lastKnownFileType = sourcecode.c.h; path = Api.h; sourceTree = "<group>"; };
		B55F1A9019F0E87D00AB15D6 /* Api.m */ = {isa = PBXFileReference; fileEncoding = 4; lastKnownFileType = sourcecode.c.objc; path = Api.m; sourceTree = "<group>"; };
		B55F1A9219F0EB8900AB15D6 /* Api-Bridging-Header.h */ = {isa = PBXFileReference; lastKnownFileType = sourcecode.c.h; path = "Api-Bridging-Header.h"; sourceTree = "<group>"; };
/* End PBXFileReference section */

/* Begin PBXFrameworksBuildPhase section */
		B55F1A6719F0E1B200AB15D6 /* Frameworks */ = {
			isa = PBXFrameworksBuildPhase;
			buildActionMask = 2147483647;
			files = (
			);
			runOnlyForDeploymentPostprocessing = 0;
		};
		B55F1A7C19F0E1B200AB15D6 /* Frameworks */ = {
			isa = PBXFrameworksBuildPhase;
			buildActionMask = 2147483647;
			files = (
			);
			runOnlyForDeploymentPostprocessing = 0;
		};
/* End PBXFrameworksBuildPhase section */

/* Begin PBXGroup section */
		B55F1A6119F0E1B200AB15D6 = {
			isa = PBXGroup;
			children = (
				B55F1A6C19F0E1B200AB15D6 /* APITests */,
				B55F1A8219F0E1B200AB15D6 /* APITestsTests */,
				B55F1A6B19F0E1B200AB15D6 /* Products */,
			);
			sourceTree = "<group>";
		};
		B55F1A6B19F0E1B200AB15D6 /* Products */ = {
			isa = PBXGroup;
			children = (
				B55F1A6A19F0E1B200AB15D6 /* APITests.app */,
				B55F1A7F19F0E1B200AB15D6 /* APITestsTests.xctest */,
			);
			name = Products;
			sourceTree = "<group>";
		};
		B55F1A6C19F0E1B200AB15D6 /* APITests */ = {
			isa = PBXGroup;
			children = (
				B55F1A8F19F0E87D00AB15D6 /* Api.h */,
				B55F1A9019F0E87D00AB15D6 /* Api.m */,
				B55F1A6F19F0E1B200AB15D6 /* AppDelegate.swift */,
				B55F1A7119F0E1B200AB15D6 /* ViewController.swift */,
				B55F1A7319F0E1B200AB15D6 /* Main.storyboard */,
				B55F1A7619F0E1B200AB15D6 /* Images.xcassets */,
				B55F1A7819F0E1B200AB15D6 /* LaunchScreen.xib */,
				B55F1A6D19F0E1B200AB15D6 /* Supporting Files */,
				B55F1A9219F0EB8900AB15D6 /* Api-Bridging-Header.h */,
			);
			path = APITests;
			sourceTree = "<group>";
		};
		B55F1A6D19F0E1B200AB15D6 /* Supporting Files */ = {
			isa = PBXGroup;
			children = (
				B55F1A6E19F0E1B200AB15D6 /* Info.plist */,
			);
			name = "Supporting Files";
			sourceTree = "<group>";
		};
		B55F1A8219F0E1B200AB15D6 /* APITestsTests */ = {
			isa = PBXGroup;
			children = (
				B55F1A8519F0E1B200AB15D6 /* APITestsTests.swift */,
				B55F1A8319F0E1B200AB15D6 /* Supporting Files */,
			);
			path = APITestsTests;
			sourceTree = "<group>";
		};
		B55F1A8319F0E1B200AB15D6 /* Supporting Files */ = {
			isa = PBXGroup;
			children = (
				B55F1A8419F0E1B200AB15D6 /* Info.plist */,
			);
			name = "Supporting Files";
			sourceTree = "<group>";
		};
/* End PBXGroup section */

/* Begin PBXNativeTarget section */
		B55F1A6919F0E1B200AB15D6 /* APITests */ = {
			isa = PBXNativeTarget;
			buildConfigurationList = B55F1A8919F0E1B200AB15D6 /* Build configuration list for PBXNativeTarget "APITests" */;
			buildPhases = (
				B55F1A6619F0E1B200AB15D6 /* Sources */,
				B55F1A6719F0E1B200AB15D6 /* Frameworks */,
				B55F1A6819F0E1B200AB15D6 /* Resources */,
			);
			buildRules = (
			);
			dependencies = (
			);
			name = APITests;
			productName = APITests;
			productReference = B55F1A6A19F0E1B200AB15D6 /* APITests.app */;
			productType = "com.apple.product-type.application";
		};
		B55F1A7E19F0E1B200AB15D6 /* APITestsTests */ = {
			isa = PBXNativeTarget;
			buildConfigurationList = B55F1A8C19F0E1B200AB15D6 /* Build configuration list for PBXNativeTarget "APITestsTests" */;
			buildPhases = (
				B55F1A7B19F0E1B200AB15D6 /* Sources */,
				B55F1A7C19F0E1B200AB15D6 /* Frameworks */,
				B55F1A7D19F0E1B200AB15D6 /* Resources */,
			);
			buildRules = (
			);
			dependencies = (
				B55F1A8119F0E1B200AB15D6 /* PBXTargetDependency */,
			);
			name = APITestsTests;
			productName = APITestsTests;
			productReference = B55F1A7F19F0E1B200AB15D6 /* APITestsTests.xctest */;
			productType = "com.apple.product-type.bundle.unit-test";
		};
/* End PBXNativeTarget section */

/* Begin PBXProject section */
		B55F1A6219F0E1B200AB15D6 /* Project object */ = {
			isa = PBXProject;
			attributes = {
				LastUpgradeCheck = 0600;
				ORGANIZATIONNAME = HyperMusk;
				TargetAttributes = {
					B55F1A6919F0E1B200AB15D6 = {
						CreatedOnToolsVersion = 6.0.1;
					};
					B55F1A7E19F0E1B200AB15D6 = {
						CreatedOnToolsVersion = 6.0.1;
						TestTargetID = B55F1A6919F0E1B200AB15D6;
					};
				};
			};
			buildConfigurationList = B55F1A6519F0E1B200AB15D6 /* Build configuration list for PBXProject "APITests" */;
			compatibilityVersion = "Xcode 3.2";
			developmentRegion = English;
			hasScannedForEncodings = 0;
			knownRegions = (
				en,
				Base,
			);
			mainGroup = B55F1A6119F0E1B200AB15D6;
			productRefGroup = B55F1A6B19F0E1B200AB15D6 /* Products */;
			projectDirPath = "";
			projectRoot = "";
			targets = (
				B55F1A6919F0E1B200AB15D6 /* APITests */,
				B55F1A7E19F0E1B200AB15D6 /* APITestsTests */,
			);
		};
/* End PBXProject section */

/* Begin PBXResourcesBuildPhase section */
		B55F1A6819F0E1B200AB15D6 /* Resources */ = {
			isa = PBXResourcesBuildPhase;
			buildActionMask = 2147483647;
			files = (
				B55F1A7519F0E1B200AB15D6 /* Main.storyboard in Resources */,
				B55F1A7A19F0E1B200AB15D6 /* LaunchScreen.xib in Resources */,
				B55F1A7719F0E1B200AB15D6 /* Images.xcassets in Resources */,
			);
			runOnlyForDeploymentPostprocessing = 0;
		};
		B55F1A7D19F0E1B200AB15D6 /* Resources */ = {
			isa = PBXResourcesBuildPhase;
			buildActionMask = 2147483647;
			files = (
			);
			runOnlyForDeploymentPostprocessing = 0;
		};
/* End PBXResourcesBuildPhase section */

/* Begin PBXSourcesBuildPhase section */
		B55F1A6619F0E1B200AB15D6 /* Sources */ = {
			isa = PBXSourcesBuildPhase;
			buildActionMask = 2147483647;
			files = (
				B55F1A9119F0E87D00AB15D6 /* Api.m in Sources */,
				B55F1A7219F0E1B200AB15D6 /* ViewController.swift in Sources */,
				B55F1A7019F0E1B200AB15D6 /* AppDelegate.swift in Sources */,
			);
			runOnlyForDeploymentPostprocessing = 0;
		};
		B55F1A7B19F0E1B200AB15D6 /* Sources */ = {
			isa = PBXSourcesBuildPhase;
			buildActionMask = 2147483647;
			files = (
				B55F1A8619F0E1B200AB15D6 /* APITestsTests.swift in Sources */,
			);
			runOnlyForDeploymentPostprocessing = 0;
		};
/* End PBXSourcesBuildPhase section */

/* Begin PBXTargetDependency section */
		B55F1A8119F0E1B200AB15D6 /* PBXTargetDependency */ = {
			isa = PBXTargetDependency;
			target = B55F1A6919F0E1B200AB15D6 /* APITests */;
			targetProxy = B55F1A8019F0E1B200AB15D6 /* PBXContainerItemProxy */;
		};
/* End PBXTargetDependency section */

/* Begin PBXVariantGroup section */
		B55F1A7319F0E1B200AB15D6 /* Main.storyboard */ = {
			isa = PBXVariantGroup;
			children = (
				B55F1A7419F0E1B200AB15D6 /* Base */,
			);
			name = Main.storyboard;
			sourceTree = "<group>";
		};
		B55F1A7819F0E1B200AB15D6 /* LaunchScreen.xib */ = {
			isa = PBXVariantGroup;
			children = (
				B55F1A7919F0E1B200AB15D6 /* Base */,
			);
			name = LaunchScreen.xib;
			sourceTree = "<group>";
		};
/* End PBXVariantGroup section */

/* Begin XCBuildConfiguration section */
		B55F1A8719F0E1B200AB15D6 /* Debug */ = {
			isa = XCBuildConfiguration;
			buildSettings = {
				ALWAYS_SEARCH_USER_PATHS = NO;
				CLANG_CXX_LANGUAGE_STANDARD = "gnu++0x";
				CLANG_CXX_LIBRARY = "libc++";
				CLANG_ENABLE_MODULES = YES;
				CLANG_ENABLE_OBJC_ARC = YES;
				CLANG_WARN_BOOL_CONVERSION = YES;
				CLANG_WARN_CONSTANT_CONVERSION = YES;
				CLANG_WARN_DIRECT_OBJC_ISA_USAGE = YES_ERROR;
				CLANG_WARN_EMPTY_BODY = YES;
				CLANG_WARN_ENUM_CONVERSION = YES;
				CLANG_WARN_INT_CONVERSION = YES;
				CLANG_WARN_OBJC_ROOT_CLASS = YES_ERROR;
				CLANG_WARN_UNREACHABLE_CODE = YES;
				CLANG_WARN__DUPLICATE_METHOD_MATCH = YES;
				"CODE_SIGN_IDENTITY[sdk=iphoneos*]" = "iPhone Developer";
				COPY_PHASE_STRIP = NO;
				ENABLE_STRICT_OBJC_MSGSEND = YES;
				GCC_C_LANGUAGE_STANDARD = gnu99;
				GCC_DYNAMIC_NO_PIC = NO;
				GCC_OPTIMIZATION_LEVEL = 0;
				GCC_PREPROCESSOR_DEFINITIONS = (
					"DEBUG=1",
					"$(inherited)",
				);
				GCC_SYMBOLS_PRIVATE_EXTERN = NO;
				GCC_WARN_64_TO_32_BIT_CONVERSION = YES;
				GCC_WARN_ABOUT_RETURN_TYPE = YES_ERROR;
				GCC_WARN_UNDECLARED_SELECTOR = YES;
				GCC_WARN_UNINITIALIZED_AUTOS = YES_AGGRESSIVE;
				GCC_WARN_UNUSED_FUNCTION = YES;
				GCC_WARN_UNUSED_VARIABLE = YES;
				IPHONEOS_DEPLOYMENT_TARGET = 8.0;
				MTL_ENABLE_DEBUG_INFO = YES;
				ONLY_ACTIVE_ARCH = YES;
				SDKROOT = iphoneos;
				SWIFT_OPTIMIZATION_LEVEL = "-Onone";
				TARGETED_DEVICE_FAMILY = "1,2";
			};
			name = Debug;
		};
		B55F1A8819F0E1B200AB15D6 /* Release */ = {
			isa = XCBuildConfiguration;
			buildSettings = {
				ALWAYS_SEARCH_USER_PATHS = NO;
				CLANG_CXX_LANGUAGE_STANDARD = "gnu++0x";
				CLANG_CXX_LIBRARY = "libc++";
				CLANG_ENABLE_MODULES = YES;
				CLANG_ENABLE_OBJC_ARC = YES;
				CLANG_WARN_BOOL_CONVERSION = YES;
				CLANG_WARN_CONSTANT_CONVERSION = YES;
				CLANG_WARN_DIRECT_OBJC_ISA_USAGE = YES_ERROR;
				CLANG_WARN_EMPTY_BODY = YES;
				CLANG_WARN_ENUM_CONVERSION = YES;
				CLANG_WARN_INT_CONVERSION = YES;
				CLANG_WARN_OBJC_ROOT_CLASS = YES_ERROR;
				CLANG_WARN_UNREACHABLE_CODE = YES;
				CLANG_WARN__DUPLICATE_METHOD_MATCH = YES;
				"CODE_SIGN_IDENTITY[sdk=iphoneos*]" = "iPhone Developer";
				COPY_PHASE_STRIP = YES;
				ENABLE_NS_ASSERTIONS = NO;
				ENABLE_STRICT_OBJC_MSGSEND = YES;
				GCC_C_LANGUAGE_STANDARD = gnu99;
				GCC_WARN_64_TO_32_BIT_CONVERSION = YES;
				GCC_WARN_ABOUT_RETURN_TYPE = YES_ERROR;
				GCC_WARN_UNDECLARED_SELECTOR = YES;
				GCC_WARN_UNINITIALIZED_AUTOS = YES_AGGRESSIVE;
				GCC_WARN_UNUSED_FUNCTION = YES;
				GCC_WARN_UNUSED_VARIABLE = YES;
				IPHONEOS_DEPLOYMENT_TARGET = 8.0;
				MTL_ENABLE_DEBUG_INFO = NO;
				SDKROOT = iphoneos;
				TARGETED_DEVICE_FAMILY = "1,2";
				VALIDATE_PRODUCT = YES;
			};
			name = Release;
		};
		B55F1A8A19F0E1B200AB15D6 /* Debug */ = {
			isa = XCBuildConfiguration;
			buildSettings = {
				ASSETCATALOG_COMPILER_APPICON_NAME = AppIcon;
				INFOPLIST_FILE = APITests/Info.plist;
				LD_RUNPATH_SEARCH_PATHS = "$(inherited) @executable_path/Frameworks";
				PRODUCT_NAME = "$(TARGET_NAME)";
				SWIFT_OBJC_BRIDGING_HEADER = "$(SRCROOT)/$(PROJECT_NAME)/Api-Bridging-Header.h";
			};
			name = Debug;
		};
		B55F1A8B19F0E1B200AB15D6 /* Release */ = {
			isa = XCBuildConfiguration;
			buildSettings = {
				ASSETCATALOG_COMPILER_APPICON_NAME = AppIcon;
				INFOPLIST_FILE = APITests/Info.plist;
				LD_RUNPATH_SEARCH_PATHS = "$(inherited) @executable_path/Frameworks";
				PRODUCT_NAME = "$(TARGET_NAME)";
				SWIFT_OBJC_BRIDGING_HEADER = "$(SRCROOT)/$(PROJECT_NAME)/Api-Bridging-Header.h";
			};
			name = Release;
		};
		B55F1A8D19F0E1B200AB15D6 /* Debug */ = {
			isa = XCBuildConfiguration;
			buildSettings = {
				BUNDLE_LOADER = "$(TEST_HOST)";
				FRAMEWORK_SEARCH_PATHS = (
					"$(SDKROOT)/Developer/Library/Frameworks",
					"$(inherited)",
				);
				GCC_PREPROCESSOR_DEFINITIONS = (
					"DEBUG=1",
					"$(inherited)",
				);
				INFOPLIST_FILE = APITestsTests/Info.plist;
				LD_RUNPATH_SEARCH_PATHS = "$(inherited) @executable_path/Frameworks @loader_path/Frameworks";
				PRODUCT_NAME = "$(TARGET_NAME)";
				TEST_HOST = "$(BUILT_PRODUCTS_DIR)/APITests.app/APITests";
			};
			name = Debug;
		};
		B55F1A8E19F0E1B200AB15D6 /* Release */ = {
			isa = XCBuildConfiguration;
			buildSettings = {
				BUNDLE_LOADER = "$(TEST_HOST)";
				FRAMEWORK_SEARCH_PATHS = (
					"$(SDKROOT)/Developer/Library/Frameworks",
					"$(inherited)",
				);
				INFOPLIST_FILE = APITestsTests/Info.plist;
				LD_RUNPATH_SEARCH_PATHS = "$(inherited) @executable_path/Frameworks @loader_path/Frameworks";
				PRODUCT_NAME = "$(TARGET_NAME)";
				TEST_HOST = "$(BUILT_PRODUCTS_DIR)/APITests.app/APITests";
			};
			name = Release;
		};
/* End XCBuildConfiguration section */

/* Begin XCConfigurationList section */
		B55F1A6519F0E1B200AB15D6 /* Build configuration list for PBXProject "APITests" */ = {
			isa = XCConfigurationList;
			buildConfigurations = (
				B55F1A8719F0E1B200AB15D6 /* Debug */,
				B55F1A8819F0E1B200AB15D6 /* Release */,
			);
			defaultConfigurationIsVisible = 0;
			defaultConfigurationName = Release;
		};
		B55F1A8919F0E1B200AB15D6 /* Build configuration list for PBXNativeTarget "APITests" */ = {
			isa = XCConfigurationList;
			buildConfigurations = (
				B55F1A8A19F0E1B200AB15D6 /* Debug */,
				B55F1A8B19F0E1B200AB15D6 /* Release */,
			);
			defaultConfigurationIsVisible = 0;
		};
		B55F1A8C19F0E1B200AB15D6 /* Build configuration list for PBXNativeTarget "APITestsTests" */ = {
			isa = XCConfigurationList;
			buildConfigurations = (
				B55F1A8D19F0E1B200AB15D6 /* Debug */,
				B55F1A8E19F0E1B200AB15D6 /* Release */,
			);
			defaultConfigurationIsVisible = 0;
		};
/* End XCConfigurationList section */
	};
	rootObject = B55F1A6219F0E1B200AB15D6 /* Project object */;
}
